// !$*UTF8*$!
{
	archiveVersion = 1;
	classes = {
	};
	objectVersion = 56;
	objects = {

/* Begin PBXBuildFile section */
		1E06ECCC2C274BDA00321284 /* SectionTitle.swift in Sources */ = {isa = PBXBuildFile; fileRef = 1E06ECCB2C274BDA00321284 /* SectionTitle.swift */; };
		1E4442422C296574005C8DF5 /* brandon-grotesque-regular.ttf in Resources */ = {isa = PBXBuildFile; fileRef = 1E4442412C296574005C8DF5 /* brandon-grotesque-regular.ttf */; };
		1E4442442C296A64005C8DF5 /* BrandonGrotesque-Medium.otf in Resources */ = {isa = PBXBuildFile; fileRef = 1E4442432C296A64005C8DF5 /* BrandonGrotesque-Medium.otf */; };
		1E4442D82C30333E005C8DF5 /* TrendingViewModels.swift in Sources */ = {isa = PBXBuildFile; fileRef = 1E4442D72C30333E005C8DF5 /* TrendingViewModels.swift */; };
		1E4442F42C315393005C8DF5 /* MyPosts.swift in Sources */ = {isa = PBXBuildFile; fileRef = 1E4442F32C315393005C8DF5 /* MyPosts.swift */; };
		1E4442F62C3155F6005C8DF5 /* JsonPlaceholderView.swift in Sources */ = {isa = PBXBuildFile; fileRef = 1E4442F52C3155F6005C8DF5 /* JsonPlaceholderView.swift */; };
		1E4443022C31819F005C8DF5 /* NavState.swift in Sources */ = {isa = PBXBuildFile; fileRef = 1E4443012C31819F005C8DF5 /* NavState.swift */; };
		1E4443082C3188C6005C8DF5 /* NavBarView.swift in Sources */ = {isa = PBXBuildFile; fileRef = 1E4443072C3188C6005C8DF5 /* NavBarView.swift */; };
		1E44430A2C319783005C8DF5 /* ProductsPost.swift in Sources */ = {isa = PBXBuildFile; fileRef = 1E4443092C319783005C8DF5 /* ProductsPost.swift */; };
		1E44430C2C319A92005C8DF5 /* OceanView.swift in Sources */ = {isa = PBXBuildFile; fileRef = 1E44430B2C319A92005C8DF5 /* OceanView.swift */; };
		1E4443102C32A3FA005C8DF5 /* TheShopView.swift in Sources */ = {isa = PBXBuildFile; fileRef = 1E44430F2C32A3FA005C8DF5 /* TheShopView.swift */; };
		1E4443122C32A403005C8DF5 /* TheExploreView.swift in Sources */ = {isa = PBXBuildFile; fileRef = 1E4443112C32A403005C8DF5 /* TheExploreView.swift */; };
		1E4443142C32A40C005C8DF5 /* TheFavoriteView.swift in Sources */ = {isa = PBXBuildFile; fileRef = 1E4443132C32A40C005C8DF5 /* TheFavoriteView.swift */; };
		1E4443162C32A427005C8DF5 /* TheAccountView.swift in Sources */ = {isa = PBXBuildFile; fileRef = 1E4443152C32A427005C8DF5 /* TheAccountView.swift */; };
		1E5D740C2C440505008DED15 /* ExploreViewModels.swift in Sources */ = {isa = PBXBuildFile; fileRef = 1E5D740B2C440505008DED15 /* ExploreViewModels.swift */; };
		1EB9A64F2C39527900A05858 /* DisclosureView.swift in Sources */ = {isa = PBXBuildFile; fileRef = 1EB9A64E2C39527900A05858 /* DisclosureView.swift */; };
		1EB9A6512C39713400A05858 /* AccordionDisclosureView.swift in Sources */ = {isa = PBXBuildFile; fileRef = 1EB9A6502C39713400A05858 /* AccordionDisclosureView.swift */; };
		1ED827402BF0C7E50080593D /* Color.swift in Sources */ = {isa = PBXBuildFile; fileRef = 1ED8273F2BF0C7E50080593D /* Color.swift */; };
		1ED827442BF1A99C0080593D /* TrendingScrollView.swift in Sources */ = {isa = PBXBuildFile; fileRef = 1ED827432BF1A99C0080593D /* TrendingScrollView.swift */; };
		1ED827462BF1AA790080593D /* BannerDesignView.swift in Sources */ = {isa = PBXBuildFile; fileRef = 1ED827452BF1AA790080593D /* BannerDesignView.swift */; };
		1ED827482BF1AB9E0080593D /* BrowswPetTypeCategory.swift in Sources */ = {isa = PBXBuildFile; fileRef = 1ED827472BF1AB9E0080593D /* BrowswPetTypeCategory.swift */; };
		8F91A60E2BEFCF9F002EF264 /* config.swift in Sources */ = {isa = PBXBuildFile; fileRef = 8F91A60D2BEFCF9F002EF264 /* config.swift */; };
		8FCCBA062BDFAE1E003BC1CD /* CoreTemplateApp.swift in Sources */ = {isa = PBXBuildFile; fileRef = 8FCCBA052BDFAE1E003BC1CD /* CoreTemplateApp.swift */; };
		8FCCBA082BDFAE1E003BC1CD /* MainView.swift in Sources */ = {isa = PBXBuildFile; fileRef = 8FCCBA072BDFAE1E003BC1CD /* MainView.swift */; };
		8FCCBA0A2BDFAE20003BC1CD /* Assets.xcassets in Resources */ = {isa = PBXBuildFile; fileRef = 8FCCBA092BDFAE20003BC1CD /* Assets.xcassets */; };
		8FCCBA0D2BDFAE20003BC1CD /* Preview Assets.xcassets in Resources */ = {isa = PBXBuildFile; fileRef = 8FCCBA0C2BDFAE20003BC1CD /* Preview Assets.xcassets */; };
		8FCCBA1C2BDFB2C6003BC1CD /* NetworkManager.swift in Sources */ = {isa = PBXBuildFile; fileRef = 8FCCBA1B2BDFB2C6003BC1CD /* NetworkManager.swift */; };
/* End PBXBuildFile section */

/* Begin PBXFileReference section */
		1E06ECCB2C274BDA00321284 /* SectionTitle.swift */ = {isa = PBXFileReference; lastKnownFileType = sourcecode.swift; path = SectionTitle.swift; sourceTree = "<group>"; };
		1E4442012C2959DB005C8DF5 /* Info.plist */ = {isa = PBXFileReference; lastKnownFileType = text.plist; path = Info.plist; sourceTree = "<group>"; };
		1E4442412C296574005C8DF5 /* brandon-grotesque-regular.ttf */ = {isa = PBXFileReference; lastKnownFileType = file; path = "brandon-grotesque-regular.ttf"; sourceTree = "<group>"; };
		1E4442432C296A64005C8DF5 /* BrandonGrotesque-Medium.otf */ = {isa = PBXFileReference; lastKnownFileType = file; path = "BrandonGrotesque-Medium.otf"; sourceTree = "<group>"; };
		1E4442D72C30333E005C8DF5 /* TrendingViewModels.swift */ = {isa = PBXFileReference; lastKnownFileType = sourcecode.swift; path = TrendingViewModels.swift; sourceTree = "<group>"; };
		1E4442F32C315393005C8DF5 /* MyPosts.swift */ = {isa = PBXFileReference; lastKnownFileType = sourcecode.swift; path = MyPosts.swift; sourceTree = "<group>"; };
		1E4442F52C3155F6005C8DF5 /* JsonPlaceholderView.swift */ = {isa = PBXFileReference; lastKnownFileType = sourcecode.swift; path = JsonPlaceholderView.swift; sourceTree = "<group>"; };
		1E4443012C31819F005C8DF5 /* NavState.swift */ = {isa = PBXFileReference; lastKnownFileType = sourcecode.swift; path = NavState.swift; sourceTree = "<group>"; };
		1E4443072C3188C6005C8DF5 /* NavBarView.swift */ = {isa = PBXFileReference; lastKnownFileType = sourcecode.swift; path = NavBarView.swift; sourceTree = "<group>"; };
		1E4443092C319783005C8DF5 /* ProductsPost.swift */ = {isa = PBXFileReference; lastKnownFileType = sourcecode.swift; path = ProductsPost.swift; sourceTree = "<group>"; };
		1E44430B2C319A92005C8DF5 /* OceanView.swift */ = {isa = PBXFileReference; lastKnownFileType = sourcecode.swift; path = OceanView.swift; sourceTree = "<group>"; };
		1E44430F2C32A3FA005C8DF5 /* TheShopView.swift */ = {isa = PBXFileReference; lastKnownFileType = sourcecode.swift; path = TheShopView.swift; sourceTree = "<group>"; };
		1E4443112C32A403005C8DF5 /* TheExploreView.swift */ = {isa = PBXFileReference; lastKnownFileType = sourcecode.swift; path = TheExploreView.swift; sourceTree = "<group>"; };
		1E4443132C32A40C005C8DF5 /* TheFavoriteView.swift */ = {isa = PBXFileReference; lastKnownFileType = sourcecode.swift; path = TheFavoriteView.swift; sourceTree = "<group>"; };
		1E4443152C32A427005C8DF5 /* TheAccountView.swift */ = {isa = PBXFileReference; lastKnownFileType = sourcecode.swift; path = TheAccountView.swift; sourceTree = "<group>"; };
		1E5D740B2C440505008DED15 /* ExploreViewModels.swift */ = {isa = PBXFileReference; lastKnownFileType = sourcecode.swift; path = ExploreViewModels.swift; sourceTree = "<group>"; };
		1EB9A64E2C39527900A05858 /* DisclosureView.swift */ = {isa = PBXFileReference; lastKnownFileType = sourcecode.swift; path = DisclosureView.swift; sourceTree = "<group>"; };
		1EB9A6502C39713400A05858 /* AccordionDisclosureView.swift */ = {isa = PBXFileReference; lastKnownFileType = sourcecode.swift; path = AccordionDisclosureView.swift; sourceTree = "<group>"; };
		1ED8273F2BF0C7E50080593D /* Color.swift */ = {isa = PBXFileReference; lastKnownFileType = sourcecode.swift; path = Color.swift; sourceTree = "<group>"; };
		1ED827432BF1A99C0080593D /* TrendingScrollView.swift */ = {isa = PBXFileReference; lastKnownFileType = sourcecode.swift; path = TrendingScrollView.swift; sourceTree = "<group>"; };
		1ED827452BF1AA790080593D /* BannerDesignView.swift */ = {isa = PBXFileReference; lastKnownFileType = sourcecode.swift; path = BannerDesignView.swift; sourceTree = "<group>"; };
		1ED827472BF1AB9E0080593D /* BrowswPetTypeCategory.swift */ = {isa = PBXFileReference; lastKnownFileType = sourcecode.swift; path = BrowswPetTypeCategory.swift; sourceTree = "<group>"; };
		8F91A60D2BEFCF9F002EF264 /* config.swift */ = {isa = PBXFileReference; lastKnownFileType = sourcecode.swift; path = config.swift; sourceTree = "<group>"; };
		8FCCBA022BDFAE1E003BC1CD /* CoreTemplate.app */ = {isa = PBXFileReference; explicitFileType = wrapper.application; includeInIndex = 0; path = CoreTemplate.app; sourceTree = BUILT_PRODUCTS_DIR; };
		8FCCBA052BDFAE1E003BC1CD /* CoreTemplateApp.swift */ = {isa = PBXFileReference; lastKnownFileType = sourcecode.swift; path = CoreTemplateApp.swift; sourceTree = "<group>"; };
		8FCCBA072BDFAE1E003BC1CD /* MainView.swift */ = {isa = PBXFileReference; lastKnownFileType = sourcecode.swift; path = MainView.swift; sourceTree = "<group>"; };
		8FCCBA092BDFAE20003BC1CD /* Assets.xcassets */ = {isa = PBXFileReference; lastKnownFileType = folder.assetcatalog; path = Assets.xcassets; sourceTree = "<group>"; };
		8FCCBA0C2BDFAE20003BC1CD /* Preview Assets.xcassets */ = {isa = PBXFileReference; lastKnownFileType = folder.assetcatalog; path = "Preview Assets.xcassets"; sourceTree = "<group>"; };
		8FCCBA1B2BDFB2C6003BC1CD /* NetworkManager.swift */ = {isa = PBXFileReference; lastKnownFileType = sourcecode.swift; path = NetworkManager.swift; sourceTree = "<group>"; };
/* End PBXFileReference section */

/* Begin PBXFrameworksBuildPhase section */
		8FCCB9FF2BDFAE1E003BC1CD /* Frameworks */ = {
			isa = PBXFrameworksBuildPhase;
			buildActionMask = 2147483647;
			files = (
			);
			runOnlyForDeploymentPostprocessing = 0;
		};
/* End PBXFrameworksBuildPhase section */

/* Begin PBXGroup section */
		1E06ECC02C2732C800321284 /* Core */ = {
			isa = PBXGroup;
			children = (
				1E06ECC12C2732D000321284 /* Banner */,
				1E06ECCA2C274BC100321284 /* Title */,
				1E06ECC22C2732E900321284 /* Trending Items */,
				1E06ECC32C27330E00321284 /* PetTypes */,
				1E4443032C31883F005C8DF5 /* Navigation */,
			);
			path = Core;
			sourceTree = "<group>";
		};
		1E06ECC12C2732D000321284 /* Banner */ = {
			isa = PBXGroup;
			children = (
				1E06ECC92C27336C00321284 /* ViewModel */,
				1E06ECC82C27336200321284 /* View */,
			);
			path = Banner;
			sourceTree = "<group>";
		};
		1E06ECC22C2732E900321284 /* Trending Items */ = {
			isa = PBXGroup;
			children = (
				1E4443052C318896005C8DF5 /* Model */,
				1E06ECC42C27332200321284 /* ViewModels */,
				1E06ECC52C27332B00321284 /* View */,
			);
			path = "Trending Items";
			sourceTree = "<group>";
		};
		1E06ECC32C27330E00321284 /* PetTypes */ = {
			isa = PBXGroup;
			children = (
				1E06ECC62C27334300321284 /* ViewModel */,
				1E06ECC72C27334C00321284 /* View */,
			);
			path = PetTypes;
			sourceTree = "<group>";
		};
		1E06ECC42C27332200321284 /* ViewModels */ = {
			isa = PBXGroup;
			children = (
				1E4442D72C30333E005C8DF5 /* TrendingViewModels.swift */,
			);
			path = ViewModels;
			sourceTree = "<group>";
		};
		1E06ECC52C27332B00321284 /* View */ = {
			isa = PBXGroup;
			children = (
				1ED827432BF1A99C0080593D /* TrendingScrollView.swift */,
				1E4442F52C3155F6005C8DF5 /* JsonPlaceholderView.swift */,
				1E44430B2C319A92005C8DF5 /* OceanView.swift */,
			);
			path = View;
			sourceTree = "<group>";
		};
		1E06ECC62C27334300321284 /* ViewModel */ = {
			isa = PBXGroup;
			children = (
			);
			path = ViewModel;
			sourceTree = "<group>";
		};
		1E06ECC72C27334C00321284 /* View */ = {
			isa = PBXGroup;
			children = (
				1ED827472BF1AB9E0080593D /* BrowswPetTypeCategory.swift */,
			);
			path = View;
			sourceTree = "<group>";
		};
		1E06ECC82C27336200321284 /* View */ = {
			isa = PBXGroup;
			children = (
				1ED827452BF1AA790080593D /* BannerDesignView.swift */,
			);
			path = View;
			sourceTree = "<group>";
		};
		1E06ECC92C27336C00321284 /* ViewModel */ = {
			isa = PBXGroup;
			children = (
			);
			path = ViewModel;
			sourceTree = "<group>";
		};
		1E06ECCA2C274BC100321284 /* Title */ = {
			isa = PBXGroup;
			children = (
				1E06ECCD2C274C2800321284 /* Views */,
			);
			path = Title;
			sourceTree = "<group>";
		};
		1E06ECCD2C274C2800321284 /* Views */ = {
			isa = PBXGroup;
			children = (
				1E06ECCB2C274BDA00321284 /* SectionTitle.swift */,
			);
			path = Views;
			sourceTree = "<group>";
		};
		1E06ECD82C29593700321284 /* Fonts */ = {
			isa = PBXGroup;
			children = (
				1E4442412C296574005C8DF5 /* brandon-grotesque-regular.ttf */,
				1E4442432C296A64005C8DF5 /* BrandonGrotesque-Medium.otf */,
			);
			path = Fonts;
			sourceTree = "<group>";
		};
		1E4443032C31883F005C8DF5 /* Navigation */ = {
			isa = PBXGroup;
			children = (
				1E4443062C3188A8005C8DF5 /* Model */,
				1E4443042C318875005C8DF5 /* View */,
			);
			path = Navigation;
			sourceTree = "<group>";
		};
		1E4443042C318875005C8DF5 /* View */ = {
			isa = PBXGroup;
			children = (
				1E4443072C3188C6005C8DF5 /* NavBarView.swift */,
				1E44430F2C32A3FA005C8DF5 /* TheShopView.swift */,
				1E4443132C32A40C005C8DF5 /* TheFavoriteView.swift */,
				1E4443152C32A427005C8DF5 /* TheAccountView.swift */,
				1EB9A64E2C39527900A05858 /* DisclosureView.swift */,
				1EB9A6502C39713400A05858 /* AccordionDisclosureView.swift */,
			);
			path = View;
			sourceTree = "<group>";
		};
		1E4443052C318896005C8DF5 /* Model */ = {
			isa = PBXGroup;
			children = (
				1E4442F32C315393005C8DF5 /* MyPosts.swift */,
				1E4443092C319783005C8DF5 /* ProductsPost.swift */,
			);
			path = Model;
			sourceTree = "<group>";
		};
		1E4443062C3188A8005C8DF5 /* Model */ = {
			isa = PBXGroup;
			children = (
				1E4443012C31819F005C8DF5 /* NavState.swift */,
			);
			path = Model;
			sourceTree = "<group>";
		};
		1E5D740A2C4404DE008DED15 /* ExploreVIewModels */ = {
			isa = PBXGroup;
			children = (
				1E5D740B2C440505008DED15 /* ExploreViewModels.swift */,
			);
			path = ExploreVIewModels;
			sourceTree = "<group>";
		};
		1E5D740D2C440698008DED15 /* View */ = {
			isa = PBXGroup;
			children = (
				1E4443112C32A403005C8DF5 /* TheExploreView.swift */,
			);
			path = View;
			sourceTree = "<group>";
		};
		1EB9A64A2C3950D000A05858 /* HomeScreen */ = {
			isa = PBXGroup;
			children = (
				8FCCBA072BDFAE1E003BC1CD /* MainView.swift */,
			);
			path = HomeScreen;
			sourceTree = "<group>";
		};
		1EB9A64B2C3951E900A05858 /* ExploreScreen */ = {
			isa = PBXGroup;
			children = (
				1E5D740D2C440698008DED15 /* View */,
				1E5D740A2C4404DE008DED15 /* ExploreVIewModels */,
			);
			path = ExploreScreen;
			sourceTree = "<group>";
		};
		1EB9A64C2C39520300A05858 /* FavoriteScreen */ = {
			isa = PBXGroup;
			children = (
			);
			path = FavoriteScreen;
			sourceTree = "<group>";
		};
		1EB9A64D2C39521D00A05858 /* AccountScreen */ = {
			isa = PBXGroup;
			children = (
			);
			path = AccountScreen;
			sourceTree = "<group>";
		};
		8FCCB9F92BDFAE1E003BC1CD = {
			isa = PBXGroup;
			children = (
				1E06ECD82C29593700321284 /* Fonts */,
				8FCCBA042BDFAE1E003BC1CD /* CoreTemplate */,
				8FCCBA032BDFAE1E003BC1CD /* Products */,
			);
			sourceTree = "<group>";
		};
		8FCCBA032BDFAE1E003BC1CD /* Products */ = {
			isa = PBXGroup;
			children = (
				8FCCBA022BDFAE1E003BC1CD /* CoreTemplate.app */,
			);
			name = Products;
			sourceTree = "<group>";
		};
		8FCCBA042BDFAE1E003BC1CD /* CoreTemplate */ = {
			isa = PBXGroup;
			children = (
				1EB9A64D2C39521D00A05858 /* AccountScreen */,
				1EB9A64C2C39520300A05858 /* FavoriteScreen */,
				1EB9A64B2C3951E900A05858 /* ExploreScreen */,
				8FCCBA1A2BDFB2B1003BC1CD /* Networking */,
				1EB9A64A2C3950D000A05858 /* HomeScreen */,
				1E06ECC02C2732C800321284 /* Core */,
				8FCCBA092BDFAE20003BC1CD /* Assets.xcassets */,
				1E4442012C2959DB005C8DF5 /* Info.plist */,
				1ED8273F2BF0C7E50080593D /* Color.swift */,
				8FCCBA052BDFAE1E003BC1CD /* CoreTemplateApp.swift */,
				8FCCBA0B2BDFAE20003BC1CD /* Preview Content */,
			);
			path = CoreTemplate;
			sourceTree = "<group>";
		};
		8FCCBA0B2BDFAE20003BC1CD /* Preview Content */ = {
			isa = PBXGroup;
			children = (
				8FCCBA0C2BDFAE20003BC1CD /* Preview Assets.xcassets */,
			);
			path = "Preview Content";
			sourceTree = "<group>";
		};
		8FCCBA1A2BDFB2B1003BC1CD /* Networking */ = {
			isa = PBXGroup;
			children = (
				8F91A60D2BEFCF9F002EF264 /* config.swift */,
				8FCCBA1B2BDFB2C6003BC1CD /* NetworkManager.swift */,
			);
			path = Networking;
			sourceTree = "<group>";
		};
/* End PBXGroup section */

/* Begin PBXNativeTarget section */
		8FCCBA012BDFAE1E003BC1CD /* CoreTemplate */ = {
			isa = PBXNativeTarget;
			buildConfigurationList = 8FCCBA102BDFAE20003BC1CD /* Build configuration list for PBXNativeTarget "CoreTemplate" */;
			buildPhases = (
				8FCCB9FE2BDFAE1E003BC1CD /* Sources */,
				8FCCB9FF2BDFAE1E003BC1CD /* Frameworks */,
				8FCCBA002BDFAE1E003BC1CD /* Resources */,
			);
			buildRules = (
			);
			dependencies = (
			);
			name = CoreTemplate;
			productName = CoreTemplate;
			productReference = 8FCCBA022BDFAE1E003BC1CD /* CoreTemplate.app */;
			productType = "com.apple.product-type.application";
		};
/* End PBXNativeTarget section */

/* Begin PBXProject section */
		8FCCB9FA2BDFAE1E003BC1CD /* Project object */ = {
			isa = PBXProject;
			attributes = {
				BuildIndependentTargetsInParallel = 1;
				LastSwiftUpdateCheck = 1530;
				LastUpgradeCheck = 1530;
				TargetAttributes = {
					8FCCBA012BDFAE1E003BC1CD = {
						CreatedOnToolsVersion = 15.3;
					};
				};
			};
			buildConfigurationList = 8FCCB9FD2BDFAE1E003BC1CD /* Build configuration list for PBXProject "CoreTemplate" */;
			compatibilityVersion = "Xcode 14.0";
			developmentRegion = en;
			hasScannedForEncodings = 0;
			knownRegions = (
				en,
				Base,
			);
			mainGroup = 8FCCB9F92BDFAE1E003BC1CD;
			productRefGroup = 8FCCBA032BDFAE1E003BC1CD /* Products */;
			projectDirPath = "";
			projectRoot = "";
			targets = (
				8FCCBA012BDFAE1E003BC1CD /* CoreTemplate */,
			);
		};
/* End PBXProject section */

/* Begin PBXResourcesBuildPhase section */
		8FCCBA002BDFAE1E003BC1CD /* Resources */ = {
			isa = PBXResourcesBuildPhase;
			buildActionMask = 2147483647;
			files = (
				8FCCBA0D2BDFAE20003BC1CD /* Preview Assets.xcassets in Resources */,
				1E4442422C296574005C8DF5 /* brandon-grotesque-regular.ttf in Resources */,
				8FCCBA0A2BDFAE20003BC1CD /* Assets.xcassets in Resources */,
				1E4442442C296A64005C8DF5 /* BrandonGrotesque-Medium.otf in Resources */,
			);
			runOnlyForDeploymentPostprocessing = 0;
		};
/* End PBXResourcesBuildPhase section */

/* Begin PBXSourcesBuildPhase section */
		8FCCB9FE2BDFAE1E003BC1CD /* Sources */ = {
			isa = PBXSourcesBuildPhase;
			buildActionMask = 2147483647;
			files = (
				1E4443102C32A3FA005C8DF5 /* TheShopView.swift in Sources */,
				1E4443082C3188C6005C8DF5 /* NavBarView.swift in Sources */,
				1E4443162C32A427005C8DF5 /* TheAccountView.swift in Sources */,
				1ED827462BF1AA790080593D /* BannerDesignView.swift in Sources */,
				1ED827482BF1AB9E0080593D /* BrowswPetTypeCategory.swift in Sources */,
				1E06ECCC2C274BDA00321284 /* SectionTitle.swift in Sources */,
				1E44430A2C319783005C8DF5 /* ProductsPost.swift in Sources */,
				8FCCBA082BDFAE1E003BC1CD /* MainView.swift in Sources */,
				1E5D740C2C440505008DED15 /* ExploreViewModels.swift in Sources */,
				1E4442F42C315393005C8DF5 /* MyPosts.swift in Sources */,
				1E4443022C31819F005C8DF5 /* NavState.swift in Sources */,
				1E4442D82C30333E005C8DF5 /* TrendingViewModels.swift in Sources */,
				1ED827442BF1A99C0080593D /* TrendingScrollView.swift in Sources */,
				8FCCBA062BDFAE1E003BC1CD /* CoreTemplateApp.swift in Sources */,
				1E44430C2C319A92005C8DF5 /* OceanView.swift in Sources */,
				1ED827402BF0C7E50080593D /* Color.swift in Sources */,
				8FCCBA1C2BDFB2C6003BC1CD /* NetworkManager.swift in Sources */,
				1E4442F62C3155F6005C8DF5 /* JsonPlaceholderView.swift in Sources */,
				1E4443122C32A403005C8DF5 /* TheExploreView.swift in Sources */,
				1E4443142C32A40C005C8DF5 /* TheFavoriteView.swift in Sources */,
				1EB9A64F2C39527900A05858 /* DisclosureView.swift in Sources */,
				1EB9A6512C39713400A05858 /* AccordionDisclosureView.swift in Sources */,
				8F91A60E2BEFCF9F002EF264 /* config.swift in Sources */,
			);
			runOnlyForDeploymentPostprocessing = 0;
		};
/* End PBXSourcesBuildPhase section */

/* Begin XCBuildConfiguration section */
		8FCCBA0E2BDFAE20003BC1CD /* Debug */ = {
			isa = XCBuildConfiguration;
			buildSettings = {
				ALWAYS_SEARCH_USER_PATHS = NO;
				ASSETCATALOG_COMPILER_GENERATE_SWIFT_ASSET_SYMBOL_EXTENSIONS = YES;
				CLANG_ANALYZER_NONNULL = YES;
				CLANG_ANALYZER_NUMBER_OBJECT_CONVERSION = YES_AGGRESSIVE;
				CLANG_CXX_LANGUAGE_STANDARD = "gnu++20";
				CLANG_ENABLE_MODULES = YES;
				CLANG_ENABLE_OBJC_ARC = YES;
				CLANG_ENABLE_OBJC_WEAK = YES;
				CLANG_WARN_BLOCK_CAPTURE_AUTORELEASING = YES;
				CLANG_WARN_BOOL_CONVERSION = YES;
				CLANG_WARN_COMMA = YES;
				CLANG_WARN_CONSTANT_CONVERSION = YES;
				CLANG_WARN_DEPRECATED_OBJC_IMPLEMENTATIONS = YES;
				CLANG_WARN_DIRECT_OBJC_ISA_USAGE = YES_ERROR;
				CLANG_WARN_DOCUMENTATION_COMMENTS = YES;
				CLANG_WARN_EMPTY_BODY = YES;
				CLANG_WARN_ENUM_CONVERSION = YES;
				CLANG_WARN_INFINITE_RECURSION = YES;
				CLANG_WARN_INT_CONVERSION = YES;
				CLANG_WARN_NON_LITERAL_NULL_CONVERSION = YES;
				CLANG_WARN_OBJC_IMPLICIT_RETAIN_SELF = YES;
				CLANG_WARN_OBJC_LITERAL_CONVERSION = YES;
				CLANG_WARN_OBJC_ROOT_CLASS = YES_ERROR;
				CLANG_WARN_QUOTED_INCLUDE_IN_FRAMEWORK_HEADER = YES;
				CLANG_WARN_RANGE_LOOP_ANALYSIS = YES;
				CLANG_WARN_STRICT_PROTOTYPES = YES;
				CLANG_WARN_SUSPICIOUS_MOVE = YES;
				CLANG_WARN_UNGUARDED_AVAILABILITY = YES_AGGRESSIVE;
				CLANG_WARN_UNREACHABLE_CODE = YES;
				CLANG_WARN__DUPLICATE_METHOD_MATCH = YES;
				COPY_PHASE_STRIP = NO;
				DEBUG_INFORMATION_FORMAT = dwarf;
				ENABLE_STRICT_OBJC_MSGSEND = YES;
				ENABLE_TESTABILITY = YES;
				ENABLE_USER_SCRIPT_SANDBOXING = YES;
				GCC_C_LANGUAGE_STANDARD = gnu17;
				GCC_DYNAMIC_NO_PIC = NO;
				GCC_NO_COMMON_BLOCKS = YES;
				GCC_OPTIMIZATION_LEVEL = 0;
				GCC_PREPROCESSOR_DEFINITIONS = (
					"DEBUG=1",
					"$(inherited)",
				);
				GCC_WARN_64_TO_32_BIT_CONVERSION = YES;
				GCC_WARN_ABOUT_RETURN_TYPE = YES_ERROR;
				GCC_WARN_UNDECLARED_SELECTOR = YES;
				GCC_WARN_UNINITIALIZED_AUTOS = YES_AGGRESSIVE;
				GCC_WARN_UNUSED_FUNCTION = YES;
				GCC_WARN_UNUSED_VARIABLE = YES;
				IPHONEOS_DEPLOYMENT_TARGET = 17.4;
				LOCALIZATION_PREFERS_STRING_CATALOGS = YES;
				MTL_ENABLE_DEBUG_INFO = INCLUDE_SOURCE;
				MTL_FAST_MATH = YES;
				ONLY_ACTIVE_ARCH = YES;
				SDKROOT = iphoneos;
				SWIFT_ACTIVE_COMPILATION_CONDITIONS = "DEBUG $(inherited)";
				SWIFT_OPTIMIZATION_LEVEL = "-Onone";
			};
			name = Debug;
		};
		8FCCBA0F2BDFAE20003BC1CD /* Release */ = {
			isa = XCBuildConfiguration;
			buildSettings = {
				ALWAYS_SEARCH_USER_PATHS = NO;
				ASSETCATALOG_COMPILER_GENERATE_SWIFT_ASSET_SYMBOL_EXTENSIONS = YES;
				CLANG_ANALYZER_NONNULL = YES;
				CLANG_ANALYZER_NUMBER_OBJECT_CONVERSION = YES_AGGRESSIVE;
				CLANG_CXX_LANGUAGE_STANDARD = "gnu++20";
				CLANG_ENABLE_MODULES = YES;
				CLANG_ENABLE_OBJC_ARC = YES;
				CLANG_ENABLE_OBJC_WEAK = YES;
				CLANG_WARN_BLOCK_CAPTURE_AUTORELEASING = YES;
				CLANG_WARN_BOOL_CONVERSION = YES;
				CLANG_WARN_COMMA = YES;
				CLANG_WARN_CONSTANT_CONVERSION = YES;
				CLANG_WARN_DEPRECATED_OBJC_IMPLEMENTATIONS = YES;
				CLANG_WARN_DIRECT_OBJC_ISA_USAGE = YES_ERROR;
				CLANG_WARN_DOCUMENTATION_COMMENTS = YES;
				CLANG_WARN_EMPTY_BODY = YES;
				CLANG_WARN_ENUM_CONVERSION = YES;
				CLANG_WARN_INFINITE_RECURSION = YES;
				CLANG_WARN_INT_CONVERSION = YES;
				CLANG_WARN_NON_LITERAL_NULL_CONVERSION = YES;
				CLANG_WARN_OBJC_IMPLICIT_RETAIN_SELF = YES;
				CLANG_WARN_OBJC_LITERAL_CONVERSION = YES;
				CLANG_WARN_OBJC_ROOT_CLASS = YES_ERROR;
				CLANG_WARN_QUOTED_INCLUDE_IN_FRAMEWORK_HEADER = YES;
				CLANG_WARN_RANGE_LOOP_ANALYSIS = YES;
				CLANG_WARN_STRICT_PROTOTYPES = YES;
				CLANG_WARN_SUSPICIOUS_MOVE = YES;
				CLANG_WARN_UNGUARDED_AVAILABILITY = YES_AGGRESSIVE;
				CLANG_WARN_UNREACHABLE_CODE = YES;
				CLANG_WARN__DUPLICATE_METHOD_MATCH = YES;
				COPY_PHASE_STRIP = NO;
				DEBUG_INFORMATION_FORMAT = "dwarf-with-dsym";
				ENABLE_NS_ASSERTIONS = NO;
				ENABLE_STRICT_OBJC_MSGSEND = YES;
				ENABLE_USER_SCRIPT_SANDBOXING = YES;
				GCC_C_LANGUAGE_STANDARD = gnu17;
				GCC_NO_COMMON_BLOCKS = YES;
				GCC_WARN_64_TO_32_BIT_CONVERSION = YES;
				GCC_WARN_ABOUT_RETURN_TYPE = YES_ERROR;
				GCC_WARN_UNDECLARED_SELECTOR = YES;
				GCC_WARN_UNINITIALIZED_AUTOS = YES_AGGRESSIVE;
				GCC_WARN_UNUSED_FUNCTION = YES;
				GCC_WARN_UNUSED_VARIABLE = YES;
				IPHONEOS_DEPLOYMENT_TARGET = 17.4;
				LOCALIZATION_PREFERS_STRING_CATALOGS = YES;
				MTL_ENABLE_DEBUG_INFO = NO;
				MTL_FAST_MATH = YES;
				SDKROOT = iphoneos;
				SWIFT_COMPILATION_MODE = wholemodule;
				VALIDATE_PRODUCT = YES;
			};
			name = Release;
		};
		8FCCBA112BDFAE20003BC1CD /* Debug */ = {
			isa = XCBuildConfiguration;
			buildSettings = {
				ASSETCATALOG_COMPILER_APPICON_NAME = AppIcon;
				ASSETCATALOG_COMPILER_GLOBAL_ACCENT_COLOR_NAME = AccentColor;
				CODE_SIGN_STYLE = Automatic;
				CURRENT_PROJECT_VERSION = 1;
				DEVELOPMENT_ASSET_PATHS = "\"CoreTemplate/Preview Content\"";
				DEVELOPMENT_TEAM = KYGTS4FW72;
				ENABLE_PREVIEWS = YES;
				GENERATE_INFOPLIST_FILE = YES;
				INFOPLIST_FILE = CoreTemplate/Info.plist;
				INFOPLIST_KEY_CFBundleDisplayName = "";
				INFOPLIST_KEY_LSApplicationCategoryType = "";
				INFOPLIST_KEY_NSHumanReadableCopyright = "";
				INFOPLIST_KEY_UIApplicationSceneManifest_Generation = YES;
				INFOPLIST_KEY_UIApplicationSupportsIndirectInputEvents = YES;
				INFOPLIST_KEY_UILaunchScreen_Generation = YES;
				INFOPLIST_KEY_UISupportedInterfaceOrientations_iPad = "UIInterfaceOrientationPortrait UIInterfaceOrientationPortraitUpsideDown UIInterfaceOrientationLandscapeLeft UIInterfaceOrientationLandscapeRight";
				LD_RUNPATH_SEARCH_PATHS = (
					"$(inherited)",
					"@executable_path/Frameworks",
				);
				MARKETING_VERSION = 1.0;
				PRODUCT_BUNDLE_IDENTIFIER = jxk.CoreTemplate;
				PRODUCT_NAME = "$(TARGET_NAME)";
				SWIFT_EMIT_LOC_STRINGS = YES;
				SWIFT_VERSION = 5.0;
				TARGETED_DEVICE_FAMILY = "1,2";
			};
			name = Debug;
		};
		8FCCBA122BDFAE20003BC1CD /* Release */ = {
			isa = XCBuildConfiguration;
			buildSettings = {
				ASSETCATALOG_COMPILER_APPICON_NAME = AppIcon;
				ASSETCATALOG_COMPILER_GLOBAL_ACCENT_COLOR_NAME = AccentColor;
				CODE_SIGN_STYLE = Automatic;
				CURRENT_PROJECT_VERSION = 1;
				DEVELOPMENT_ASSET_PATHS = "\"CoreTemplate/Preview Content\"";
				DEVELOPMENT_TEAM = KYGTS4FW72;
				ENABLE_PREVIEWS = YES;
				GENERATE_INFOPLIST_FILE = YES;
				INFOPLIST_FILE = CoreTemplate/Info.plist;
				INFOPLIST_KEY_CFBundleDisplayName = "";
				INFOPLIST_KEY_LSApplicationCategoryType = "";
				INFOPLIST_KEY_NSHumanReadableCopyright = "";
				INFOPLIST_KEY_UIApplicationSceneManifest_Generation = YES;
				INFOPLIST_KEY_UIApplicationSupportsIndirectInputEvents = YES;
				INFOPLIST_KEY_UILaunchScreen_Generation = YES;
				INFOPLIST_KEY_UISupportedInterfaceOrientations_iPad = "UIInterfaceOrientationPortrait UIInterfaceOrientationPortraitUpsideDown UIInterfaceOrientationLandscapeLeft UIInterfaceOrientationLandscapeRight";
				LD_RUNPATH_SEARCH_PATHS = (
					"$(inherited)",
					"@executable_path/Frameworks",
				);
				MARKETING_VERSION = 1.0;
				PRODUCT_BUNDLE_IDENTIFIER = jxk.CoreTemplate;
				PRODUCT_NAME = "$(TARGET_NAME)";
				SWIFT_EMIT_LOC_STRINGS = YES;
				SWIFT_VERSION = 5.0;
				TARGETED_DEVICE_FAMILY = "1,2";
			};
			name = Release;
		};
/* End XCBuildConfiguration section */

/* Begin XCConfigurationList section */
		8FCCB9FD2BDFAE1E003BC1CD /* Build configuration list for PBXProject "CoreTemplate" */ = {
			isa = XCConfigurationList;
			buildConfigurations = (
				8FCCBA0E2BDFAE20003BC1CD /* Debug */,
				8FCCBA0F2BDFAE20003BC1CD /* Release */,
			);
			defaultConfigurationIsVisible = 0;
			defaultConfigurationName = Release;
		};
		8FCCBA102BDFAE20003BC1CD /* Build configuration list for PBXNativeTarget "CoreTemplate" */ = {
			isa = XCConfigurationList;
			buildConfigurations = (
				8FCCBA112BDFAE20003BC1CD /* Debug */,
				8FCCBA122BDFAE20003BC1CD /* Release */,
			);
			defaultConfigurationIsVisible = 0;
			defaultConfigurationName = Release;
		};
/* End XCConfigurationList section */
	};
	rootObject = 8FCCB9FA2BDFAE1E003BC1CD /* Project object */;
}
